
Microsoft Visual Studio Solution File, Format Version 12.00
# Visual Studio 15
VisualStudioVersion = 15.0.27004.2005
MinimumVisualStudioVersion = 10.0.40219.1
Project("{DA7A21FA-8162-4350-AD77-A8D1B671F3ED}") = "Microsoft R Demo", "Microsoft R Demo\Microsoft R Demo.rxproj", "{64D691C6-F276-499A-AAD3-54863392699E}"
EndProject
Global
	GlobalSection(SolutionConfigurationPlatforms) = preSolution
		Debug|Any CPU = Debug|Any CPU
		Release|Any CPU = Release|Any CPU
	EndGlobalSection
	GlobalSection(ProjectConfigurationPlatforms) = postSolution
		{64D691C6-F276-499A-AAD3-54863392699E}.Debug|Any CPU.ActiveCfg = Debug|Any CPU
		{64D691C6-F276-499A-AAD3-54863392699E}.Debug|Any CPU.Build.0 = Debug|Any CPU
		{64D691C6-F276-499A-AAD3-54863392699E}.Release|Any CPU.ActiveCfg = Release|Any CPU
		{64D691C6-F276-499A-AAD3-54863392699E}.Release|Any CPU.Build.0 = Release|Any CPU
	EndGlobalSection
	GlobalSection(SolutionProperties) = preSolution
		HideSolutionNode = FALSE
	EndGlobalSection
	GlobalSection(ExtensibilityGlobals) = postSolution
		SolutionGuid = {E6DB83E8-33AD-4478-AB1C-7748F830BEAF}
	EndGlobalSection
EndGlobal
